
Microsoft Visual Studio Solution File, Format Version 12.00
# Visual Studio Version 16
VisualStudioVersion = 16.0.29709.97
MinimumVisualStudioVersion = 10.0.40219.1
Project("{FAE04EC0-301F-11D3-BF4B-00C04F79EFBC}") = "Spotify-Toolkit", "Spotify-Toolkit\Spotify-Toolkit.csproj", "{DF81AE41-FF18-4A06-98EC-BD2092B45587}"
EndProject
Global
	GlobalSection(SolutionConfigurationPlatforms) = preSolution
		Debug|Any CPU = Debug|Any CPU
		Release|Any CPU = Release|Any CPU
	EndGlobalSection
	GlobalSection(ProjectConfigurationPlatforms) = postSolution
		{DF81AE41-FF18-4A06-98EC-BD2092B45587}.Debug|Any CPU.ActiveCfg = Debug|Any CPU
		{DF81AE41-FF18-4A06-98EC-BD2092B45587}.Debug|Any CPU.Build.0 = Debug|Any CPU
		{DF81AE41-FF18-4A06-98EC-BD2092B45587}.Release|Any CPU.ActiveCfg = Release|Any CPU
		{DF81AE41-FF18-4A06-98EC-BD2092B45587}.Release|Any CPU.Build.0 = Release|Any CPU
	EndGlobalSection
	GlobalSection(SolutionProperties) = preSolution
		HideSolutionNode = FALSE
	EndGlobalSection
	GlobalSection(ExtensibilityGlobals) = postSolution
		SolutionGuid = {63E124E3-D467-4D5A-B07B-9FF2B119D387}
	EndGlobalSection
EndGlobal
